
Microsoft Visual Studio Solution File, Format Version 12.00
# Visual Studio Version 16
VisualStudioVersion = 16.0.30621.155
MinimumVisualStudioVersion = 10.0.40219.1
Project("{9A19103F-16F7-4668-BE54-9A1E7A4F7556}") = "web", "web.csproj", "{E1C6FE55-034E-48A2-B48B-7C141704CFDD}"
EndProject
Global
	GlobalSection(SolutionConfigurationPlatforms) = preSolution
		Debug|Any CPU = Debug|Any CPU
		Release|Any CPU = Release|Any CPU
	EndGlobalSection
	GlobalSection(ProjectConfigurationPlatforms) = postSolution
		{E1C6FE55-034E-48A2-B48B-7C141704CFDD}.Debug|Any CPU.ActiveCfg = Debug|Any CPU
		{E1C6FE55-034E-48A2-B48B-7C141704CFDD}.Debug|Any CPU.Build.0 = Debug|Any CPU
		{E1C6FE55-034E-48A2-B48B-7C141704CFDD}.Release|Any CPU.ActiveCfg = Release|Any CPU
		{E1C6FE55-034E-48A2-B48B-7C141704CFDD}.Release|Any CPU.Build.0 = Release|Any CPU
	EndGlobalSection
	GlobalSection(SolutionProperties) = preSolution
		HideSolutionNode = FALSE
	EndGlobalSection
	GlobalSection(ExtensibilityGlobals) = postSolution
		SolutionGuid = {06EE1D34-9B6D-43F3-B919-3ABF7EF4F1A1}
	EndGlobalSection
EndGlobal
